
Microsoft Visual Studio Solution File, Format Version 12.00
# Visual Studio Version 16
VisualStudioVersion = 16.0.31019.35
MinimumVisualStudioVersion = 10.0.40219.1
Project("{FAE04EC0-301F-11D3-BF4B-00C04F79EFBC}") = "Apps Taxi", "Apps Taxi\Apps Taxi.csproj", "{72D8C5B9-57DB-458C-9134-A4FCF7031DC5}"
EndProject
Global
	GlobalSection(SolutionConfigurationPlatforms) = preSolution
		Debug|Any CPU = Debug|Any CPU
		Release|Any CPU = Release|Any CPU
	EndGlobalSection
	GlobalSection(ProjectConfigurationPlatforms) = postSolution
		{72D8C5B9-57DB-458C-9134-A4FCF7031DC5}.Debug|Any CPU.ActiveCfg = Debug|Any CPU
		{72D8C5B9-57DB-458C-9134-A4FCF7031DC5}.Debug|Any CPU.Build.0 = Debug|Any CPU
		{72D8C5B9-57DB-458C-9134-A4FCF7031DC5}.Release|Any CPU.ActiveCfg = Release|Any CPU
		{72D8C5B9-57DB-458C-9134-A4FCF7031DC5}.Release|Any CPU.Build.0 = Release|Any CPU
	EndGlobalSection
	GlobalSection(SolutionProperties) = preSolution
		HideSolutionNode = FALSE
	EndGlobalSection
	GlobalSection(ExtensibilityGlobals) = postSolution
		SolutionGuid = {3BAC6EFD-C999-4470-9B16-45B9243645BC}
	EndGlobalSection
EndGlobal
